
Microsoft Visual Studio Solution File, Format Version 12.00
# Visual Studio Version 16
VisualStudioVersion = 16.0.29102.190
MinimumVisualStudioVersion = 10.0.40219.1
Project("{9A19103F-16F7-4668-BE54-9A1E7A4F7556}") = "SpotifyHootnany.App", "SpotifyApiShenanigans.App\SpotifyHootnany.App.csproj", "{CE165000-0D51-4A82-AED1-54FE49C2765E}"
EndProject
Project("{9A19103F-16F7-4668-BE54-9A1E7A4F7556}") = "SpotifyHootnanyServices", "SpotifyApiShenanigans.Services\SpotifyHootnanyServices.csproj", "{A2B4C666-151A-475A-AC65-3EC63CCDC3A1}"
EndProject
Global
	GlobalSection(SolutionConfigurationPlatforms) = preSolution
		Debug|Any CPU = Debug|Any CPU
		Release|Any CPU = Release|Any CPU
	EndGlobalSection
	GlobalSection(ProjectConfigurationPlatforms) = postSolution
		{CE165000-0D51-4A82-AED1-54FE49C2765E}.Debug|Any CPU.ActiveCfg = Debug|Any CPU
		{CE165000-0D51-4A82-AED1-54FE49C2765E}.Debug|Any CPU.Build.0 = Debug|Any CPU
		{CE165000-0D51-4A82-AED1-54FE49C2765E}.Release|Any CPU.ActiveCfg = Release|Any CPU
		{CE165000-0D51-4A82-AED1-54FE49C2765E}.Release|Any CPU.Build.0 = Release|Any CPU
		{A2B4C666-151A-475A-AC65-3EC63CCDC3A1}.Debug|Any CPU.ActiveCfg = Debug|Any CPU
		{A2B4C666-151A-475A-AC65-3EC63CCDC3A1}.Debug|Any CPU.Build.0 = Debug|Any CPU
		{A2B4C666-151A-475A-AC65-3EC63CCDC3A1}.Release|Any CPU.ActiveCfg = Release|Any CPU
		{A2B4C666-151A-475A-AC65-3EC63CCDC3A1}.Release|Any CPU.Build.0 = Release|Any CPU
	EndGlobalSection
	GlobalSection(SolutionProperties) = preSolution
		HideSolutionNode = FALSE
	EndGlobalSection
	GlobalSection(ExtensibilityGlobals) = postSolution
		SolutionGuid = {6BCB49B6-54CA-49D2-97DC-392280D3DBF1}
	EndGlobalSection
EndGlobal
